Microsoft Visual Studio Solution File, Format Version 12.00
# Visual Studio Version 17
VisualStudioVersion = 17.5.2.0
MinimumVisualStudioVersion = 10.0.40219.1
Project("{FAE04EC0-301F-11D3-BF4B-00C04F79EFBC}") = "Restaurants", "Restaurants.csproj", "{0664021A-D717-F62E-BE68-24F1E7326E19}"
EndProject
Global
	GlobalSection(SolutionConfigurationPlatforms) = preSolution
		Debug|Any CPU = Debug|Any CPU
		Release|Any CPU = Release|Any CPU
	EndGlobalSection
	GlobalSection(ProjectConfigurationPlatforms) = postSolution
		{0664021A-D717-F62E-BE68-24F1E7326E19}.Debug|Any CPU.ActiveCfg = Debug|Any CPU
		{0664021A-D717-F62E-BE68-24F1E7326E19}.Debug|Any CPU.Build.0 = Debug|Any CPU
		{0664021A-D717-F62E-BE68-24F1E7326E19}.Release|Any CPU.ActiveCfg = Release|Any CPU
		{0664021A-D717-F62E-BE68-24F1E7326E19}.Release|Any CPU.Build.0 = Release|Any CPU
	EndGlobalSection
	GlobalSection(SolutionProperties) = preSolution
		HideSolutionNode = FALSE
	EndGlobalSection
	GlobalSection(ExtensibilityGlobals) = postSolution
		SolutionGuid = {56823F7C-B380-4332-91A1-84892002F9AB}
	EndGlobalSection
EndGlobal
